github.com/go-resty/resty/v2 v2.3.0 h1:JOOeAvjSlapTT92p8xiS19Zxev1neGikoHsXJeOq8So=
github.com/go-resty/resty/v2 v2.3.0/go.mod h1:UpN9CgLZNsv4e9XG50UU8xdI0F43UQ4HmxLBDwaroHU=
github.com/patrickmn/go-cache v2.1.0+incompatible h1:HRMgzkcYKYpi3C8ajMPV8OFXaaRUnok+kx1WdO15EQc=
github.com/patrickmn/go-cache v2.1.0+incompatible/go.mod h1:3Qf8kWWT7OJRJbdiICTKqZju1ZixQ/KpMGzzAfe6+WQ=
github.com/pkg/errors v0.8.1 h1:iURUrRGxPUNPdy5/HRSm+Yj6okJ6UtLINN0Q9M4+h3I=
github.com/pkg/errors v0.8.1/go.mod h1:bwawxfHBFNV+L2hUp1rHADufV3IMtnDRdf1r5NINEl0=
golang.org/x/crypto v0.0.0-20190308221718-c2843e01d9a2/go.mod h1:djNgcEr1/C05ACkg1iLfiJU5Ep61QUkGW8qpdssI0+w=
golang.org/x/net v0.0.0-20181220203305-927f97764cc3 h1:eH6Eip3UpmR+yM/qI9Ijluzb1bNv/cAU/n+6l8tRSis=
golang.org/x/net v0.0.0-20181220203305-927f97764cc3/go.mod h1:mL1N/T3taQHkDXs73rZJwtUhF3w3ftmwwsq0BUmARs4=
golang.org/x/net v0.0.0-20200513185701-a91f0712d120 h1:EZ3cVSzKOlJxAd8e8YAJ7no8nNypTxexh/YE/xW3ZEY=
golang.org/x/net v0.0.0-20200513185701-a91f0712d120/go.mod h1:qpuaurCH72eLCgpAm/N6yyVIVM9cpaDIP3A8BGJEC5A=
golang.org/x/sys v0.0.0-20190215142949-d0b11bdaac8a/go.mod h1:STP8DvDyc/dI5b8T5hshtkjS+E42TnysNCUPdjciGhY=
golang.org/x/sys v0.0.0-20200323222414-85ca7c5b95cd/go.mod h1:h1NjWce9XRLGQEsW7wpKNCjG9DtNlClVuFLEZdDNbEs=
golang.org/x/text v0.3.0/go.mod h1:NqM8EUOU14njkJ3fqMW+pc6Ldnwhi/IjpwHt7yyuwOQ=
gopkg.in/resty.v1 v1.12.0 h1:CuXP0Pjfw9rOuY6EP+UvtNvt5DSqHpIxILZKT/quCZI=
gopkg.in/resty.v1 v1.12.0/go.mod h1:mDo4pnntr5jdWRML875a/NmxYqAlA73dVijT2AXvQQo=
gopkg.in/tucnak/telebot.v2 v2.0.0-20191005061224-d0707a9d73c4 h1:MSLXMclm1f+66ozQ1n4/+LRToMtonMsAySOo5TWK9aU=
gopkg.in/tucnak/telebot.v2 v2.0.0-20191005061224-d0707a9d73c4/go.mod h1:+//wyPtHTeW2kfyEBwB05Hqnxev7AGrsLIyylSH++KU=
